<?xml version="1.0" encoding="utf-8"?>
<Project ToolsVersion="4.0" xmlns="http://schemas.microsoft.com/developer/msbuild/2003">
  <ItemGroup>
    <Filter Include="Source Files">
      <UniqueIdentifier>{48cd3823-f33b-42f0-a180-4413b3091693}</UniqueIdentifier>
    </Filter>
    <Filter Include="Header Files">
      <UniqueIdentifier>{99419ef0-ef8f-46cf-ab10-52f48c2b3a04}</UniqueIdentifier>
    </Filter>
    <Filter Include="Header Files\NN">
      <UniqueIdentifier>{b01ea716-3936-4af7-b873-d4425602bc85}</UniqueIdentifier>
    </Filter>
    <Filter Include="Source Files\NN">
      <UniqueIdentifier>{f04484fb-170e-475c-9c78-144b8c9a5a9e}</UniqueIdentifier>
    </Filter>
    <Filter Include="Header Files\JM">
      <UniqueIdentifier>{f07afa99-c5fe-4f26-ac6f-5946d16efa7c}</UniqueIdentifier>
    </Filter>
    <Filter Include="Source Files\JM">
      <UniqueIdentifier>{d00b4eae-0a1d-4174-a196-68e8896c0c72}</UniqueIdentifier>
    </Filter>
    <Filter Include="Header Files\Spatialiser">
      <UniqueIdentifier>{5f549b9f-a86d-4246-98bb-dc19592f70f7}</UniqueIdentifier>
    </Filter>
    <Filter Include="Source Files\Spatialiser">
      <UniqueIdentifier>{a8acf9c8-96c3-4f50-b04c-b5c4f6817dea}</UniqueIdentifier>
    </Filter>
  </ItemGroup>
  <ItemGroup>
    <ClCompile Include="$(MSBuildThisFileDirectory)codegen\lib\myNN\source\elementwiseOperationInPlace.cpp">
      <Filter>Source Files\NN</Filter>
    </ClCompile>
    <ClCompile Include="$(MSBuildThisFileDirectory)codegen\lib\myNN\source\myBestNN.cpp">
      <Filter>Source Files\NN</Filter>
    </ClCompile>
    <ClCompile Include="$(MSBuildThisFileDirectory)codegen\lib\myNN\source\myNN_data.cpp">
      <Filter>Source Files\NN</Filter>
    </ClCompile>
    <ClCompile Include="$(MSBuildThisFileDirectory)codegen\lib\myNN\source\myNN_initialize.cpp">
      <Filter>Source Files\NN</Filter>
    </ClCompile>
    <ClCompile Include="$(MSBuildThisFileDirectory)codegen\lib\myNN\source\myNN_terminate.cpp">
      <Filter>Source Files\NN</Filter>
    </ClCompile>
    <ClCompile Include="$(MSBuildThisFileDirectory)codegen\lib\myNN\source\mySmallNN.cpp">
      <Filter>Source Files\NN</Filter>
    </ClCompile>
    <ClCompile Include="$(MSBuildThisFileDirectory)codegen\lib\myNN\source\predict.cpp">
      <Filter>Source Files\NN</Filter>
    </ClCompile>
    <ClCompile Include="$(MSBuildThisFileDirectory)source\AudioManager.cpp">
      <Filter>Source Files\JM</Filter>
    </ClCompile>
    <ClCompile Include="$(MSBuildThisFileDirectory)source\DiffractionGeometry.cpp">
      <Filter>Source Files\JM</Filter>
    </ClCompile>
    <ClCompile Include="$(MSBuildThisFileDirectory)source\DiffractionModels.cpp">
      <Filter>Source Files\JM</Filter>
    </ClCompile>
    <ClCompile Include="$(MSBuildThisFileDirectory)source\EmissionManager.cpp">
      <Filter>Source Files\JM</Filter>
    </ClCompile>
    <ClCompile Include="$(MSBuildThisFileDirectory)source\GeometryManager.cpp">
      <Filter>Source Files\JM</Filter>
    </ClCompile>
    <ClCompile Include="$(MSBuildThisFileDirectory)source\SourceManager.cpp">
      <Filter>Source Files\JM</Filter>
    </ClCompile>
    <ClCompile Include="$(MSBuildThisFileDirectory)source\UnityGAPlugin.cpp">
      <Filter>Source Files\JM</Filter>
    </ClCompile>
    <ClCompile Include="$(MSBuildThisFileDirectory)source\WedgeManager.cpp">
      <Filter>Source Files\JM</Filter>
    </ClCompile>
    <ClCompile Include="$(MSBuildThisFileDirectory)source\Spatialiser\Context.cpp">
      <Filter>Source Files\Spatialiser</Filter>
    </ClCompile>
    <ClCompile Include="$(MSBuildThisFileDirectory)source\Spatialiser\HRTFManager.cpp">
      <Filter>Source Files\Spatialiser</Filter>
    </ClCompile>
    <ClCompile Include="$(MSBuildThisFileDirectory)source\Spatialiser\Interface.cpp">
      <Filter>Source Files\Spatialiser</Filter>
    </ClCompile>
    <ClCompile Include="$(MSBuildThisFileDirectory)source\Spatialiser\Main.cpp">
      <Filter>Source Files\Spatialiser</Filter>
    </ClCompile>
    <ClCompile Include="$(MSBuildThisFileDirectory)source\Spatialiser\Wall.cpp">
      <Filter>Source Files\Spatialiser</Filter>
    </ClCompile>
    <ClCompile Include="$(MSBuildThisFileDirectory)source\Spatialiser\Room.cpp">
      <Filter>Source Files\Spatialiser</Filter>
    </ClCompile>
    <ClCompile Include="$(MSBuildThisFileDirectory)source\Spatialiser\VirtualSource.cpp">
      <Filter>Source Files\Spatialiser</Filter>
    </ClCompile>
    <ClCompile Include="$(MSBuildThisFileDirectory)source\Debug.cpp">
      <Filter>Source Files</Filter>
    </ClCompile>
    <ClCompile Include="$(MSBuildThisFileDirectory)source\Spatialiser\FDN.cpp">
      <Filter>Source Files\Spatialiser</Filter>
    </ClCompile>
    <ClCompile Include="$(MSBuildThisFileDirectory)source\matrix.cpp">
      <Filter>Source Files\JM</Filter>
    </ClCompile>
    <ClCompile Include="$(MSBuildThisFileDirectory)source\vec.cpp">
      <Filter>Source Files\JM</Filter>
    </ClCompile>
    <ClCompile Include="$(MSBuildThisFileDirectory)source\Spatialiser\Reverb.cpp">
      <Filter>Source Files\Spatialiser</Filter>
    </ClCompile>
    <ClCompile Include="$(MSBuildThisFileDirectory)source\Spatialiser\Edge.cpp">
      <Filter>Source Files\Spatialiser</Filter>
    </ClCompile>
  </ItemGroup>
  <ItemGroup>
    <ClInclude Include="$(MSBuildThisFileDirectory)codegen\lib\myNN\include\anonymous_function.h">
      <Filter>Header Files\NN</Filter>
    </ClInclude>
    <ClInclude Include="$(MSBuildThisFileDirectory)codegen\lib\myNN\include\elementwiseOperationInPlace.h">
      <Filter>Header Files\NN</Filter>
    </ClInclude>
    <ClInclude Include="$(MSBuildThisFileDirectory)codegen\lib\myNN\include\myBestNN.h">
      <Filter>Header Files\NN</Filter>
    </ClInclude>
    <ClInclude Include="$(MSBuildThisFileDirectory)codegen\lib\myNN\include\myNN_data.h">
      <Filter>Header Files\NN</Filter>
    </ClInclude>
    <ClInclude Include="$(MSBuildThisFileDirectory)codegen\lib\myNN\include\myNN_initialize.h">
      <Filter>Header Files\NN</Filter>
    </ClInclude>
    <ClInclude Include="$(MSBuildThisFileDirectory)codegen\lib\myNN\include\myNN_internal_types.h">
      <Filter>Header Files\NN</Filter>
    </ClInclude>
    <ClInclude Include="$(MSBuildThisFileDirectory)codegen\lib\myNN\include\myNN_terminate.h">
      <Filter>Header Files\NN</Filter>
    </ClInclude>
    <ClInclude Include="$(MSBuildThisFileDirectory)codegen\lib\myNN\include\myNN_types.h">
      <Filter>Header Files\NN</Filter>
    </ClInclude>
    <ClInclude Include="$(MSBuildThisFileDirectory)codegen\lib\myNN\include\mySmallNN.h">
      <Filter>Header Files\NN</Filter>
    </ClInclude>
    <ClInclude Include="$(MSBuildThisFileDirectory)codegen\lib\myNN\include\predict.h">
      <Filter>Header Files\NN</Filter>
    </ClInclude>
    <ClInclude Include="$(MSBuildThisFileDirectory)codegen\lib\myNN\include\rtwtypes.h">
      <Filter>Header Files\NN</Filter>
    </ClInclude>
    <ClInclude Include="$(MSBuildThisFileDirectory)codegen\lib\myNN\include\tmwtypes.h">
      <Filter>Header Files\NN</Filter>
    </ClInclude>
    <ClInclude Include="$(MSBuildThisFileDirectory)include\AudioManager.h">
      <Filter>Header Files\JM</Filter>
    </ClInclude>
    <ClInclude Include="$(MSBuildThisFileDirectory)include\Definitions.h">
      <Filter>Header Files\JM</Filter>
    </ClInclude>
    <ClInclude Include="$(MSBuildThisFileDirectory)include\DiffractionGeometry.h">
      <Filter>Header Files\JM</Filter>
    </ClInclude>
    <ClInclude Include="$(MSBuildThisFileDirectory)include\DiffractionModel.h">
      <Filter>Header Files\JM</Filter>
    </ClInclude>
    <ClInclude Include="$(MSBuildThisFileDirectory)include\EmissionManager.h">
      <Filter>Header Files\JM</Filter>
    </ClInclude>
    <ClInclude Include="$(MSBuildThisFileDirectory)include\GeometryManager.h">
      <Filter>Header Files\JM</Filter>
    </ClInclude>
    <ClInclude Include="$(MSBuildThisFileDirectory)include\HelloWorld.h">
      <Filter>Header Files\JM</Filter>
    </ClInclude>
    <ClInclude Include="$(MSBuildThisFileDirectory)include\IUnityInterface.h">
      <Filter>Header Files\JM</Filter>
    </ClInclude>
    <ClInclude Include="$(MSBuildThisFileDirectory)include\ScopedTimer.h">
      <Filter>Header Files\JM</Filter>
    </ClInclude>
    <ClInclude Include="$(MSBuildThisFileDirectory)include\SourceManager.h">
      <Filter>Header Files\JM</Filter>
    </ClInclude>
    <ClInclude Include="$(MSBuildThisFileDirectory)include\Types.h">
      <Filter>Header Files\JM</Filter>
    </ClInclude>
    <ClInclude Include="$(MSBuildThisFileDirectory)include\UnityGAPlugin.h">
      <Filter>Header Files\JM</Filter>
    </ClInclude>
    <ClInclude Include="$(MSBuildThisFileDirectory)include\vec3.h">
      <Filter>Header Files\JM</Filter>
    </ClInclude>
    <ClInclude Include="$(MSBuildThisFileDirectory)include\WedgeManager.h">
      <Filter>Header Files\JM</Filter>
    </ClInclude>
    <ClInclude Include="$(MSBuildThisFileDirectory)include\Spatialiser\Types.h">
      <Filter>Header Files\Spatialiser</Filter>
    </ClInclude>
    <ClInclude Include="$(MSBuildThisFileDirectory)include\Spatialiser\Context.h">
      <Filter>Header Files\Spatialiser</Filter>
    </ClInclude>
    <ClInclude Include="$(MSBuildThisFileDirectory)include\quaternion.h">
      <Filter>Header Files\JM</Filter>
    </ClInclude>
    <ClInclude Include="$(MSBuildThisFileDirectory)include\Spatialiser\HRTFManager.h">
      <Filter>Header Files\Spatialiser</Filter>
    </ClInclude>
    <ClInclude Include="$(MSBuildThisFileDirectory)include\Spatialiser\Main.h">
      <Filter>Header Files\Spatialiser</Filter>
    </ClInclude>
    <ClInclude Include="$(MSBuildThisFileDirectory)include\Spatialiser\Interface.h">
      <Filter>Header Files\Spatialiser</Filter>
    </ClInclude>
    <ClInclude Include="$(MSBuildThisFileDirectory)include\Spatialiser\Wall.h">
      <Filter>Header Files\Spatialiser</Filter>
    </ClInclude>
    <ClInclude Include="$(MSBuildThisFileDirectory)include\Spatialiser\Room.h">
      <Filter>Header Files\Spatialiser</Filter>
    </ClInclude>
    <ClInclude Include="$(MSBuildThisFileDirectory)include\Spatialiser\VirtualSource.h">
      <Filter>Header Files\Spatialiser</Filter>
    </ClInclude>
    <ClInclude Include="$(MSBuildThisFileDirectory)include\Debug.h">
      <Filter>Header Files</Filter>
    </ClInclude>
    <ClInclude Include="$(MSBuildThisFileDirectory)include\Spatialiser\FDN.h">
      <Filter>Header Files\Spatialiser</Filter>
    </ClInclude>
    <ClInclude Include="$(MSBuildThisFileDirectory)include\matrix.h">
      <Filter>Header Files\JM</Filter>
    </ClInclude>
    <ClInclude Include="$(MSBuildThisFileDirectory)include\vec.h">
      <Filter>Header Files\JM</Filter>
    </ClInclude>
    <ClInclude Include="$(MSBuildThisFileDirectory)include\Spatialiser\Reverb.h">
      <Filter>Header Files\Spatialiser</Filter>
    </ClInclude>
    <ClInclude Include="$(MSBuildThisFileDirectory)include\Spatialiser\Edge.h">
      <Filter>Header Files\Spatialiser</Filter>
    </ClInclude>
  </ItemGroup>
</Project>