<?xml version="1.0" encoding="utf-8"?>
<Project ToolsVersion="4.0" xmlns="http://schemas.microsoft.com/developer/msbuild/2003">
  <ItemGroup>
    <Filter Include="SOFA">
      <UniqueIdentifier>{177cf8a0-2880-48ca-8424-12d35e1dd095}</UniqueIdentifier>
    </Filter>
    <Filter Include="SOFA\Header Files">
      <UniqueIdentifier>{e9afd941-347e-4114-845c-f039b83aee55}</UniqueIdentifier>
    </Filter>
    <Filter Include="SOFA\Source Files">
      <UniqueIdentifier>{885801da-0901-4109-83df-7036bcf2c93f}</UniqueIdentifier>
    </Filter>
    <Filter Include="NETCDF Files">
      <UniqueIdentifier>{f157a530-d293-48a3-ab4c-4325df9866eb}</UniqueIdentifier>
    </Filter>
    <Filter Include="NETCDF Files\Header Files">
      <UniqueIdentifier>{ab4d17d6-de44-4e5f-966c-c39bf28ea51a}</UniqueIdentifier>
    </Filter>
    <Filter Include="NETCDF Files\Source Files">
      <UniqueIdentifier>{99d95f8f-b602-4954-9ab2-12d665a80b20}</UniqueIdentifier>
    </Filter>
  </ItemGroup>
  <ItemGroup>
    <ClInclude Include="..\..\..\GitHub\3dti_AudioToolkit\3dti_ResourceManager\third_party_libraries\sofacoustics\libsofa\src\SOFA.h">
      <Filter>SOFA\Header Files</Filter>
    </ClInclude>
    <ClInclude Include="..\..\..\GitHub\3dti_AudioToolkit\3dti_ResourceManager\third_party_libraries\sofacoustics\libsofa\src\SOFAAPI.h">
      <Filter>SOFA\Header Files</Filter>
    </ClInclude>
    <ClInclude Include="..\..\..\GitHub\3dti_AudioToolkit\3dti_ResourceManager\third_party_libraries\sofacoustics\libsofa\src\SOFAAttributes.h">
      <Filter>SOFA\Header Files</Filter>
    </ClInclude>
    <ClInclude Include="..\..\..\GitHub\3dti_AudioToolkit\3dti_ResourceManager\third_party_libraries\sofacoustics\libsofa\src\SOFACoordinates.h">
      <Filter>SOFA\Header Files</Filter>
    </ClInclude>
    <ClInclude Include="..\..\..\GitHub\3dti_AudioToolkit\3dti_ResourceManager\third_party_libraries\sofacoustics\libsofa\src\SOFADate.h">
      <Filter>SOFA\Header Files</Filter>
    </ClInclude>
    <ClInclude Include="..\..\..\GitHub\3dti_AudioToolkit\3dti_ResourceManager\third_party_libraries\sofacoustics\libsofa\src\SOFAEmitter.h">
      <Filter>SOFA\Header Files</Filter>
    </ClInclude>
    <ClInclude Include="..\..\..\GitHub\3dti_AudioToolkit\3dti_ResourceManager\third_party_libraries\sofacoustics\libsofa\src\SOFAExceptions.h">
      <Filter>SOFA\Header Files</Filter>
    </ClInclude>
    <ClInclude Include="..\..\..\GitHub\3dti_AudioToolkit\3dti_ResourceManager\third_party_libraries\sofacoustics\libsofa\src\SOFAFile.h">
      <Filter>SOFA\Header Files</Filter>
    </ClInclude>
    <ClInclude Include="..\..\..\GitHub\3dti_AudioToolkit\3dti_ResourceManager\third_party_libraries\sofacoustics\libsofa\src\SOFAGeneralFIR.h">
      <Filter>SOFA\Header Files</Filter>
    </ClInclude>
    <ClInclude Include="..\..\..\GitHub\3dti_AudioToolkit\3dti_ResourceManager\third_party_libraries\sofacoustics\libsofa\src\SOFAGeneralFIRE.h">
      <Filter>SOFA\Header Files</Filter>
    </ClInclude>
    <ClInclude Include="..\..\..\GitHub\3dti_AudioToolkit\3dti_ResourceManager\third_party_libraries\sofacoustics\libsofa\src\SOFAGeneralTF.h">
      <Filter>SOFA\Header Files</Filter>
    </ClInclude>
    <ClInclude Include="..\..\..\GitHub\3dti_AudioToolkit\3dti_ResourceManager\third_party_libraries\sofacoustics\libsofa\src\SOFAHelper.h">
      <Filter>SOFA\Header Files</Filter>
    </ClInclude>
    <ClInclude Include="..\..\..\GitHub\3dti_AudioToolkit\3dti_ResourceManager\third_party_libraries\sofacoustics\libsofa\src\SOFAHostArchitecture.h">
      <Filter>SOFA\Header Files</Filter>
    </ClInclude>
    <ClInclude Include="..\..\..\GitHub\3dti_AudioToolkit\3dti_ResourceManager\third_party_libraries\sofacoustics\libsofa\src\SOFAListener.h">
      <Filter>SOFA\Header Files</Filter>
    </ClInclude>
    <ClInclude Include="..\..\..\GitHub\3dti_AudioToolkit\3dti_ResourceManager\third_party_libraries\sofacoustics\libsofa\src\SOFAMultiSpeakerBRIR.h">
      <Filter>SOFA\Header Files</Filter>
    </ClInclude>
    <ClInclude Include="..\..\..\GitHub\3dti_AudioToolkit\3dti_ResourceManager\third_party_libraries\sofacoustics\libsofa\src\SOFANcFile.h">
      <Filter>SOFA\Header Files</Filter>
    </ClInclude>
    <ClInclude Include="..\..\..\GitHub\3dti_AudioToolkit\3dti_ResourceManager\third_party_libraries\sofacoustics\libsofa\src\SOFANcUtils.h">
      <Filter>SOFA\Header Files</Filter>
    </ClInclude>
    <ClInclude Include="..\..\..\GitHub\3dti_AudioToolkit\3dti_ResourceManager\third_party_libraries\sofacoustics\libsofa\src\SOFAPlatform.h">
      <Filter>SOFA\Header Files</Filter>
    </ClInclude>
    <ClInclude Include="..\..\..\GitHub\3dti_AudioToolkit\3dti_ResourceManager\third_party_libraries\sofacoustics\libsofa\src\SOFAPoint3.h">
      <Filter>SOFA\Header Files</Filter>
    </ClInclude>
    <ClInclude Include="..\..\..\GitHub\3dti_AudioToolkit\3dti_ResourceManager\third_party_libraries\sofacoustics\libsofa\src\SOFAPosition.h">
      <Filter>SOFA\Header Files</Filter>
    </ClInclude>
    <ClInclude Include="..\..\..\GitHub\3dti_AudioToolkit\3dti_ResourceManager\third_party_libraries\sofacoustics\libsofa\src\SOFAReceiver.h">
      <Filter>SOFA\Header Files</Filter>
    </ClInclude>
    <ClInclude Include="..\..\..\GitHub\3dti_AudioToolkit\3dti_ResourceManager\third_party_libraries\sofacoustics\libsofa\src\SOFASimpleFreeFieldHRIR.h">
      <Filter>SOFA\Header Files</Filter>
    </ClInclude>
    <ClInclude Include="..\..\..\GitHub\3dti_AudioToolkit\3dti_ResourceManager\third_party_libraries\sofacoustics\libsofa\src\SOFASimpleFreeFieldSOS.h">
      <Filter>SOFA\Header Files</Filter>
    </ClInclude>
    <ClInclude Include="..\..\..\GitHub\3dti_AudioToolkit\3dti_ResourceManager\third_party_libraries\sofacoustics\libsofa\src\SOFASimpleHeadphoneIR.h">
      <Filter>SOFA\Header Files</Filter>
    </ClInclude>
    <ClInclude Include="..\..\..\GitHub\3dti_AudioToolkit\3dti_ResourceManager\third_party_libraries\sofacoustics\libsofa\src\SOFASingleRoomDRIR.h">
      <Filter>SOFA\Header Files</Filter>
    </ClInclude>
    <ClInclude Include="..\..\..\GitHub\3dti_AudioToolkit\3dti_ResourceManager\third_party_libraries\sofacoustics\libsofa\src\SOFASource.h">
      <Filter>SOFA\Header Files</Filter>
    </ClInclude>
    <ClInclude Include="..\..\..\GitHub\3dti_AudioToolkit\3dti_ResourceManager\third_party_libraries\sofacoustics\libsofa\src\SOFAString.h">
      <Filter>SOFA\Header Files</Filter>
    </ClInclude>
    <ClInclude Include="..\..\..\GitHub\3dti_AudioToolkit\3dti_ResourceManager\third_party_libraries\sofacoustics\libsofa\src\SOFAUnits.h">
      <Filter>SOFA\Header Files</Filter>
    </ClInclude>
    <ClInclude Include="..\..\..\GitHub\3dti_AudioToolkit\3dti_ResourceManager\third_party_libraries\sofacoustics\libsofa\src\SOFAUtils.h">
      <Filter>SOFA\Header Files</Filter>
    </ClInclude>
    <ClInclude Include="..\..\..\GitHub\3dti_AudioToolkit\3dti_ResourceManager\third_party_libraries\sofacoustics\libsofa\src\SOFAVersion.h">
      <Filter>SOFA\Header Files</Filter>
    </ClInclude>
    <ClInclude Include="..\..\..\GitHub\3dti_AudioToolkit\3dti_ResourceManager\third_party_libraries\sofacoustics\libsofa\dependencies\include\ncAtt.h">
      <Filter>NETCDF Files\Header Files</Filter>
    </ClInclude>
    <ClInclude Include="..\..\..\GitHub\3dti_AudioToolkit\3dti_ResourceManager\third_party_libraries\sofacoustics\libsofa\dependencies\include\ncByte.h">
      <Filter>NETCDF Files\Header Files</Filter>
    </ClInclude>
    <ClInclude Include="..\..\..\GitHub\3dti_AudioToolkit\3dti_ResourceManager\third_party_libraries\sofacoustics\libsofa\dependencies\include\ncChar.h">
      <Filter>NETCDF Files\Header Files</Filter>
    </ClInclude>
    <ClInclude Include="..\..\..\GitHub\3dti_AudioToolkit\3dti_ResourceManager\third_party_libraries\sofacoustics\libsofa\dependencies\include\ncCheck.h">
      <Filter>NETCDF Files\Header Files</Filter>
    </ClInclude>
    <ClInclude Include="..\..\..\GitHub\3dti_AudioToolkit\3dti_ResourceManager\third_party_libraries\sofacoustics\libsofa\dependencies\include\ncCompoundType.h">
      <Filter>NETCDF Files\Header Files</Filter>
    </ClInclude>
    <ClInclude Include="..\..\..\GitHub\3dti_AudioToolkit\3dti_ResourceManager\third_party_libraries\sofacoustics\libsofa\dependencies\include\ncDim.h">
      <Filter>NETCDF Files\Header Files</Filter>
    </ClInclude>
    <ClInclude Include="..\..\..\GitHub\3dti_AudioToolkit\3dti_ResourceManager\third_party_libraries\sofacoustics\libsofa\dependencies\include\ncDouble.h">
      <Filter>NETCDF Files\Header Files</Filter>
    </ClInclude>
    <ClInclude Include="..\..\..\GitHub\3dti_AudioToolkit\3dti_ResourceManager\third_party_libraries\sofacoustics\libsofa\dependencies\include\ncEnumType.h">
      <Filter>NETCDF Files\Header Files</Filter>
    </ClInclude>
    <ClInclude Include="..\..\..\GitHub\3dti_AudioToolkit\3dti_ResourceManager\third_party_libraries\sofacoustics\libsofa\dependencies\include\ncException.h">
      <Filter>NETCDF Files\Header Files</Filter>
    </ClInclude>
    <ClInclude Include="..\..\..\GitHub\3dti_AudioToolkit\3dti_ResourceManager\third_party_libraries\sofacoustics\libsofa\dependencies\include\ncFile.h">
      <Filter>NETCDF Files\Header Files</Filter>
    </ClInclude>
    <ClInclude Include="..\..\..\GitHub\3dti_AudioToolkit\3dti_ResourceManager\third_party_libraries\sofacoustics\libsofa\dependencies\include\ncFloat.h">
      <Filter>NETCDF Files\Header Files</Filter>
    </ClInclude>
    <ClInclude Include="..\..\..\GitHub\3dti_AudioToolkit\3dti_ResourceManager\third_party_libraries\sofacoustics\libsofa\dependencies\include\ncGroup.h">
      <Filter>NETCDF Files\Header Files</Filter>
    </ClInclude>
    <ClInclude Include="..\..\..\GitHub\3dti_AudioToolkit\3dti_ResourceManager\third_party_libraries\sofacoustics\libsofa\dependencies\include\ncGroupAtt.h">
      <Filter>NETCDF Files\Header Files</Filter>
    </ClInclude>
    <ClInclude Include="..\..\..\GitHub\3dti_AudioToolkit\3dti_ResourceManager\third_party_libraries\sofacoustics\libsofa\dependencies\include\ncInt.h">
      <Filter>NETCDF Files\Header Files</Filter>
    </ClInclude>
    <ClInclude Include="..\..\..\GitHub\3dti_AudioToolkit\3dti_ResourceManager\third_party_libraries\sofacoustics\libsofa\dependencies\include\ncInt64.h">
      <Filter>NETCDF Files\Header Files</Filter>
    </ClInclude>
    <ClInclude Include="..\..\..\GitHub\3dti_AudioToolkit\3dti_ResourceManager\third_party_libraries\sofacoustics\libsofa\dependencies\include\ncOpaqueType.h">
      <Filter>NETCDF Files\Header Files</Filter>
    </ClInclude>
    <ClInclude Include="..\..\..\GitHub\3dti_AudioToolkit\3dti_ResourceManager\third_party_libraries\sofacoustics\libsofa\dependencies\include\ncShort.h">
      <Filter>NETCDF Files\Header Files</Filter>
    </ClInclude>
    <ClInclude Include="..\..\..\GitHub\3dti_AudioToolkit\3dti_ResourceManager\third_party_libraries\sofacoustics\libsofa\dependencies\include\ncString.h">
      <Filter>NETCDF Files\Header Files</Filter>
    </ClInclude>
    <ClInclude Include="..\..\..\GitHub\3dti_AudioToolkit\3dti_ResourceManager\third_party_libraries\sofacoustics\libsofa\dependencies\include\ncType.h">
      <Filter>NETCDF Files\Header Files</Filter>
    </ClInclude>
    <ClInclude Include="..\..\..\GitHub\3dti_AudioToolkit\3dti_ResourceManager\third_party_libraries\sofacoustics\libsofa\dependencies\include\ncUbyte.h">
      <Filter>NETCDF Files\Header Files</Filter>
    </ClInclude>
    <ClInclude Include="..\..\..\GitHub\3dti_AudioToolkit\3dti_ResourceManager\third_party_libraries\sofacoustics\libsofa\dependencies\include\ncUint.h">
      <Filter>NETCDF Files\Header Files</Filter>
    </ClInclude>
    <ClInclude Include="..\..\..\GitHub\3dti_AudioToolkit\3dti_ResourceManager\third_party_libraries\sofacoustics\libsofa\dependencies\include\ncUint64.h">
      <Filter>NETCDF Files\Header Files</Filter>
    </ClInclude>
    <ClInclude Include="..\..\..\GitHub\3dti_AudioToolkit\3dti_ResourceManager\third_party_libraries\sofacoustics\libsofa\dependencies\include\ncUshort.h">
      <Filter>NETCDF Files\Header Files</Filter>
    </ClInclude>
    <ClInclude Include="..\..\..\GitHub\3dti_AudioToolkit\3dti_ResourceManager\third_party_libraries\sofacoustics\libsofa\dependencies\include\ncVar.h">
      <Filter>NETCDF Files\Header Files</Filter>
    </ClInclude>
    <ClInclude Include="..\..\..\GitHub\3dti_AudioToolkit\3dti_ResourceManager\third_party_libraries\sofacoustics\libsofa\dependencies\include\ncVarAtt.h">
      <Filter>NETCDF Files\Header Files</Filter>
    </ClInclude>
    <ClInclude Include="..\..\..\GitHub\3dti_AudioToolkit\3dti_ResourceManager\third_party_libraries\sofacoustics\libsofa\dependencies\include\ncVlenType.h">
      <Filter>NETCDF Files\Header Files</Filter>
    </ClInclude>
    <ClInclude Include="..\..\..\GitHub\3dti_AudioToolkit\3dti_ResourceManager\third_party_libraries\sofacoustics\libsofa\dependencies\include\netcdf.h">
      <Filter>NETCDF Files\Header Files</Filter>
    </ClInclude>
    <ClInclude Include="..\..\..\GitHub\3dti_AudioToolkit\3dti_ResourceManager\third_party_libraries\sofacoustics\libsofa\dependencies\include\netcdf_mem.h">
      <Filter>NETCDF Files\Header Files</Filter>
    </ClInclude>
    <ClInclude Include="..\..\..\GitHub\3dti_AudioToolkit\3dti_ResourceManager\third_party_libraries\sofacoustics\libsofa\dependencies\include\netcdf_meta.h">
      <Filter>NETCDF Files\Header Files</Filter>
    </ClInclude>
  </ItemGroup>
  <ItemGroup>
    <ClCompile Include="..\..\..\GitHub\3dti_AudioToolkit\3dti_ResourceManager\third_party_libraries\sofacoustics\libsofa\src\SOFAAPI.cpp">
      <Filter>SOFA\Source Files</Filter>
    </ClCompile>
    <ClCompile Include="..\..\..\GitHub\3dti_AudioToolkit\3dti_ResourceManager\third_party_libraries\sofacoustics\libsofa\src\SOFAAttributes.cpp">
      <Filter>SOFA\Source Files</Filter>
    </ClCompile>
    <ClCompile Include="..\..\..\GitHub\3dti_AudioToolkit\3dti_ResourceManager\third_party_libraries\sofacoustics\libsofa\src\SOFACoordinates.cpp">
      <Filter>SOFA\Source Files</Filter>
    </ClCompile>
    <ClCompile Include="..\..\..\GitHub\3dti_AudioToolkit\3dti_ResourceManager\third_party_libraries\sofacoustics\libsofa\src\SOFADate.cpp">
      <Filter>SOFA\Source Files</Filter>
    </ClCompile>
    <ClCompile Include="..\..\..\GitHub\3dti_AudioToolkit\3dti_ResourceManager\third_party_libraries\sofacoustics\libsofa\src\SOFAEmitter.cpp">
      <Filter>SOFA\Source Files</Filter>
    </ClCompile>
    <ClCompile Include="..\..\..\GitHub\3dti_AudioToolkit\3dti_ResourceManager\third_party_libraries\sofacoustics\libsofa\src\SOFAExceptions.cpp">
      <Filter>SOFA\Source Files</Filter>
    </ClCompile>
    <ClCompile Include="..\..\..\GitHub\3dti_AudioToolkit\3dti_ResourceManager\third_party_libraries\sofacoustics\libsofa\src\SOFAFile.cpp">
      <Filter>SOFA\Source Files</Filter>
    </ClCompile>
    <ClCompile Include="..\..\..\GitHub\3dti_AudioToolkit\3dti_ResourceManager\third_party_libraries\sofacoustics\libsofa\src\SOFAGeneralFIR.cpp">
      <Filter>SOFA\Source Files</Filter>
    </ClCompile>
    <ClCompile Include="..\..\..\GitHub\3dti_AudioToolkit\3dti_ResourceManager\third_party_libraries\sofacoustics\libsofa\src\SOFAGeneralFIRE.cpp">
      <Filter>SOFA\Source Files</Filter>
    </ClCompile>
    <ClCompile Include="..\..\..\GitHub\3dti_AudioToolkit\3dti_ResourceManager\third_party_libraries\sofacoustics\libsofa\src\SOFAGeneralTF.cpp">
      <Filter>SOFA\Source Files</Filter>
    </ClCompile>
    <ClCompile Include="..\..\..\GitHub\3dti_AudioToolkit\3dti_ResourceManager\third_party_libraries\sofacoustics\libsofa\src\SOFAHelper.cpp">
      <Filter>SOFA\Source Files</Filter>
    </ClCompile>
    <ClCompile Include="..\..\..\GitHub\3dti_AudioToolkit\3dti_ResourceManager\third_party_libraries\sofacoustics\libsofa\src\SOFAListener.cpp">
      <Filter>SOFA\Source Files</Filter>
    </ClCompile>
    <ClCompile Include="..\..\..\GitHub\3dti_AudioToolkit\3dti_ResourceManager\third_party_libraries\sofacoustics\libsofa\src\SOFAMultiSpeakerBRIR.cpp">
      <Filter>SOFA\Source Files</Filter>
    </ClCompile>
    <ClCompile Include="..\..\..\GitHub\3dti_AudioToolkit\3dti_ResourceManager\third_party_libraries\sofacoustics\libsofa\src\SOFANcFile.cpp">
      <Filter>SOFA\Source Files</Filter>
    </ClCompile>
    <ClCompile Include="..\..\..\GitHub\3dti_AudioToolkit\3dti_ResourceManager\third_party_libraries\sofacoustics\libsofa\src\SOFAPoint3.cpp">
      <Filter>SOFA\Source Files</Filter>
    </ClCompile>
    <ClCompile Include="..\..\..\GitHub\3dti_AudioToolkit\3dti_ResourceManager\third_party_libraries\sofacoustics\libsofa\src\SOFAPosition.cpp">
      <Filter>SOFA\Source Files</Filter>
    </ClCompile>
    <ClCompile Include="..\..\..\GitHub\3dti_AudioToolkit\3dti_ResourceManager\third_party_libraries\sofacoustics\libsofa\src\SOFAReceiver.cpp">
      <Filter>SOFA\Source Files</Filter>
    </ClCompile>
    <ClCompile Include="..\..\..\GitHub\3dti_AudioToolkit\3dti_ResourceManager\third_party_libraries\sofacoustics\libsofa\src\SOFASimpleFreeFieldHRIR.cpp">
      <Filter>SOFA\Source Files</Filter>
    </ClCompile>
    <ClCompile Include="..\..\..\GitHub\3dti_AudioToolkit\3dti_ResourceManager\third_party_libraries\sofacoustics\libsofa\src\SOFASimpleFreeFieldSOS.cpp">
      <Filter>SOFA\Source Files</Filter>
    </ClCompile>
    <ClCompile Include="..\..\..\GitHub\3dti_AudioToolkit\3dti_ResourceManager\third_party_libraries\sofacoustics\libsofa\src\SOFASimpleHeadphoneIR.cpp">
      <Filter>SOFA\Source Files</Filter>
    </ClCompile>
    <ClCompile Include="..\..\..\GitHub\3dti_AudioToolkit\3dti_ResourceManager\third_party_libraries\sofacoustics\libsofa\src\SOFASingleRoomDRIR.cpp">
      <Filter>SOFA\Source Files</Filter>
    </ClCompile>
    <ClCompile Include="..\..\..\GitHub\3dti_AudioToolkit\3dti_ResourceManager\third_party_libraries\sofacoustics\libsofa\src\SOFASource.cpp">
      <Filter>SOFA\Source Files</Filter>
    </ClCompile>
    <ClCompile Include="..\..\..\GitHub\3dti_AudioToolkit\3dti_ResourceManager\third_party_libraries\sofacoustics\libsofa\src\SOFAString.cpp">
      <Filter>SOFA\Source Files</Filter>
    </ClCompile>
    <ClCompile Include="..\..\..\GitHub\3dti_AudioToolkit\3dti_ResourceManager\third_party_libraries\sofacoustics\libsofa\src\SOFAUnits.cpp">
      <Filter>SOFA\Source Files</Filter>
    </ClCompile>
    <ClCompile Include="..\..\..\GitHub\3dti_AudioToolkit\3dti_ResourceManager\third_party_libraries\sofacoustics\libsofa\dependencies\include\ncAtt.cpp">
      <Filter>NETCDF Files\Source Files</Filter>
    </ClCompile>
    <ClCompile Include="..\..\..\GitHub\3dti_AudioToolkit\3dti_ResourceManager\third_party_libraries\sofacoustics\libsofa\dependencies\include\ncByte.cpp">
      <Filter>NETCDF Files\Source Files</Filter>
    </ClCompile>
    <ClCompile Include="..\..\..\GitHub\3dti_AudioToolkit\3dti_ResourceManager\third_party_libraries\sofacoustics\libsofa\dependencies\include\ncChar.cpp">
      <Filter>NETCDF Files\Source Files</Filter>
    </ClCompile>
    <ClCompile Include="..\..\..\GitHub\3dti_AudioToolkit\3dti_ResourceManager\third_party_libraries\sofacoustics\libsofa\dependencies\include\ncCheck.cpp">
      <Filter>NETCDF Files\Source Files</Filter>
    </ClCompile>
    <ClCompile Include="..\..\..\GitHub\3dti_AudioToolkit\3dti_ResourceManager\third_party_libraries\sofacoustics\libsofa\dependencies\include\ncCompoundType.cpp">
      <Filter>NETCDF Files\Source Files</Filter>
    </ClCompile>
    <ClCompile Include="..\..\..\GitHub\3dti_AudioToolkit\3dti_ResourceManager\third_party_libraries\sofacoustics\libsofa\dependencies\include\ncDim.cpp">
      <Filter>NETCDF Files\Source Files</Filter>
    </ClCompile>
    <ClCompile Include="..\..\..\GitHub\3dti_AudioToolkit\3dti_ResourceManager\third_party_libraries\sofacoustics\libsofa\dependencies\include\ncDouble.cpp">
      <Filter>NETCDF Files\Source Files</Filter>
    </ClCompile>
    <ClCompile Include="..\..\..\GitHub\3dti_AudioToolkit\3dti_ResourceManager\third_party_libraries\sofacoustics\libsofa\dependencies\include\ncEnumType.cpp">
      <Filter>NETCDF Files\Source Files</Filter>
    </ClCompile>
    <ClCompile Include="..\..\..\GitHub\3dti_AudioToolkit\3dti_ResourceManager\third_party_libraries\sofacoustics\libsofa\dependencies\include\ncException.cpp">
      <Filter>NETCDF Files\Source Files</Filter>
    </ClCompile>
    <ClCompile Include="..\..\..\GitHub\3dti_AudioToolkit\3dti_ResourceManager\third_party_libraries\sofacoustics\libsofa\dependencies\include\ncFile.cpp">
      <Filter>NETCDF Files\Source Files</Filter>
    </ClCompile>
    <ClCompile Include="..\..\..\GitHub\3dti_AudioToolkit\3dti_ResourceManager\third_party_libraries\sofacoustics\libsofa\dependencies\include\ncFloat.cpp">
      <Filter>NETCDF Files\Source Files</Filter>
    </ClCompile>
    <ClCompile Include="..\..\..\GitHub\3dti_AudioToolkit\3dti_ResourceManager\third_party_libraries\sofacoustics\libsofa\dependencies\include\ncGroup.cpp">
      <Filter>NETCDF Files\Source Files</Filter>
    </ClCompile>
    <ClCompile Include="..\..\..\GitHub\3dti_AudioToolkit\3dti_ResourceManager\third_party_libraries\sofacoustics\libsofa\dependencies\include\ncGroupAtt.cpp">
      <Filter>NETCDF Files\Source Files</Filter>
    </ClCompile>
    <ClCompile Include="..\..\..\GitHub\3dti_AudioToolkit\3dti_ResourceManager\third_party_libraries\sofacoustics\libsofa\dependencies\include\ncInt.cpp">
      <Filter>NETCDF Files\Source Files</Filter>
    </ClCompile>
    <ClCompile Include="..\..\..\GitHub\3dti_AudioToolkit\3dti_ResourceManager\third_party_libraries\sofacoustics\libsofa\dependencies\include\ncInt64.cpp">
      <Filter>NETCDF Files\Source Files</Filter>
    </ClCompile>
    <ClCompile Include="..\..\..\GitHub\3dti_AudioToolkit\3dti_ResourceManager\third_party_libraries\sofacoustics\libsofa\dependencies\include\ncOpaqueType.cpp">
      <Filter>NETCDF Files\Source Files</Filter>
    </ClCompile>
    <ClCompile Include="..\..\..\GitHub\3dti_AudioToolkit\3dti_ResourceManager\third_party_libraries\sofacoustics\libsofa\dependencies\include\ncShort.cpp">
      <Filter>NETCDF Files\Source Files</Filter>
    </ClCompile>
    <ClCompile Include="..\..\..\GitHub\3dti_AudioToolkit\3dti_ResourceManager\third_party_libraries\sofacoustics\libsofa\dependencies\include\ncString.cpp">
      <Filter>NETCDF Files\Source Files</Filter>
    </ClCompile>
    <ClCompile Include="..\..\..\GitHub\3dti_AudioToolkit\3dti_ResourceManager\third_party_libraries\sofacoustics\libsofa\dependencies\include\ncType.cpp">
      <Filter>NETCDF Files\Source Files</Filter>
    </ClCompile>
    <ClCompile Include="..\..\..\GitHub\3dti_AudioToolkit\3dti_ResourceManager\third_party_libraries\sofacoustics\libsofa\dependencies\include\ncUbyte.cpp">
      <Filter>NETCDF Files\Source Files</Filter>
    </ClCompile>
    <ClCompile Include="..\..\..\GitHub\3dti_AudioToolkit\3dti_ResourceManager\third_party_libraries\sofacoustics\libsofa\dependencies\include\ncUint.cpp">
      <Filter>NETCDF Files\Source Files</Filter>
    </ClCompile>
    <ClCompile Include="..\..\..\GitHub\3dti_AudioToolkit\3dti_ResourceManager\third_party_libraries\sofacoustics\libsofa\dependencies\include\ncUint64.cpp">
      <Filter>NETCDF Files\Source Files</Filter>
    </ClCompile>
    <ClCompile Include="..\..\..\GitHub\3dti_AudioToolkit\3dti_ResourceManager\third_party_libraries\sofacoustics\libsofa\dependencies\include\ncUshort.cpp">
      <Filter>NETCDF Files\Source Files</Filter>
    </ClCompile>
    <ClCompile Include="..\..\..\GitHub\3dti_AudioToolkit\3dti_ResourceManager\third_party_libraries\sofacoustics\libsofa\dependencies\include\ncVar.cpp">
      <Filter>NETCDF Files\Source Files</Filter>
    </ClCompile>
    <ClCompile Include="..\..\..\GitHub\3dti_AudioToolkit\3dti_ResourceManager\third_party_libraries\sofacoustics\libsofa\dependencies\include\ncVarAtt.cpp">
      <Filter>NETCDF Files\Source Files</Filter>
    </ClCompile>
    <ClCompile Include="..\..\..\GitHub\3dti_AudioToolkit\3dti_ResourceManager\third_party_libraries\sofacoustics\libsofa\dependencies\include\ncVlenType.cpp">
      <Filter>NETCDF Files\Source Files</Filter>
    </ClCompile>
  </ItemGroup>
</Project>